// !$*UTF8*$!
{
	archiveVersion = 1;
	classes = {
	};
	objectVersion = 55;
	objects = {

/* Begin PBXBuildFile section */
		711ECC9AF9E71008787A9D99 /* Pods_Reciplease_RecipleaseTests.framework in Frameworks */ = {isa = PBXBuildFile; fileRef = 2753EDA2E5E1895A7824B8BF /* Pods_Reciplease_RecipleaseTests.framework */; };
		EB1A127E28183BDD00044370 /* FavouritesListViewController.swift in Sources */ = {isa = PBXBuildFile; fileRef = EB1A127D28183BDD00044370 /* FavouritesListViewController.swift */; };
		EB57A4AA2816E362007F9BE8 /* AppDelegate.swift in Sources */ = {isa = PBXBuildFile; fileRef = EB57A4A92816E362007F9BE8 /* AppDelegate.swift */; };
		EB57A4AC2816E362007F9BE8 /* SceneDelegate.swift in Sources */ = {isa = PBXBuildFile; fileRef = EB57A4AB2816E362007F9BE8 /* SceneDelegate.swift */; };
		EB57A4B12816E362007F9BE8 /* Main.storyboard in Resources */ = {isa = PBXBuildFile; fileRef = EB57A4AF2816E362007F9BE8 /* Main.storyboard */; };
		EB57A4B62816E363007F9BE8 /* Assets.xcassets in Resources */ = {isa = PBXBuildFile; fileRef = EB57A4B52816E363007F9BE8 /* Assets.xcassets */; };
		EB57A4B92816E363007F9BE8 /* LaunchScreen.storyboard in Resources */ = {isa = PBXBuildFile; fileRef = EB57A4B72816E363007F9BE8 /* LaunchScreen.storyboard */; };
		EB668A9B281823D70084FB96 /* CoreDataStack.swift in Sources */ = {isa = PBXBuildFile; fileRef = EB668A9A281823D70084FB96 /* CoreDataStack.swift */; };
		EB668A9D281824D40084FB96 /* CoreDataRepo.swift in Sources */ = {isa = PBXBuildFile; fileRef = EB668A9C281824D40084FB96 /* CoreDataRepo.swift */; };
		EB72DEAF2819A9EC0055D385 /* LightRecipeStruct.swift in Sources */ = {isa = PBXBuildFile; fileRef = EB72DEAE2819A9EC0055D385 /* LightRecipeStruct.swift */; };
		EB72DEB12819A9FD0055D385 /* LightIngedientStruct.swift in Sources */ = {isa = PBXBuildFile; fileRef = EB72DEB02819A9FD0055D385 /* LightIngedientStruct.swift */; };
		EBB655CB28200005009460EB /* mockup.jpg in Resources */ = {isa = PBXBuildFile; fileRef = EBB655CA28200005009460EB /* mockup.jpg */; };
		EBB655CD28200039009460EB /* README.md in Resources */ = {isa = PBXBuildFile; fileRef = EBB655CC28200039009460EB /* README.md */; };
		EBBCEFE22816ECCA002FBA7E /* OneRecipeTableViewCell.swift in Sources */ = {isa = PBXBuildFile; fileRef = EBBCEFE12816ECCA002FBA7E /* OneRecipeTableViewCell.swift */; };
		EBBCEFE42816ECE7002FBA7E /* RecipeStruct.swift in Sources */ = {isa = PBXBuildFile; fileRef = EBBCEFE32816ECE7002FBA7E /* RecipeStruct.swift */; };
		EBBCEFE62816ED02002FBA7E /* ApiEndpoint.swift in Sources */ = {isa = PBXBuildFile; fileRef = EBBCEFE52816ED02002FBA7E /* ApiEndpoint.swift */; };
		EBBCEFE82816ED17002FBA7E /* AppInfo.swift in Sources */ = {isa = PBXBuildFile; fileRef = EBBCEFE72816ED17002FBA7E /* AppInfo.swift */; };
		EBBCEFEA2816ED27002FBA7E /* ServiceError.swift in Sources */ = {isa = PBXBuildFile; fileRef = EBBCEFE92816ED27002FBA7E /* ServiceError.swift */; };
		EBBCEFEC2816ED36002FBA7E /* RecipeService.swift in Sources */ = {isa = PBXBuildFile; fileRef = EBBCEFEB2816ED36002FBA7E /* RecipeService.swift */; };
		EBBCEFEE2816ED5A002FBA7E /* .gitignore in Resources */ = {isa = PBXBuildFile; fileRef = EBBCEFED2816ED5A002FBA7E /* .gitignore */; };
		EBBCEFF02816EDA0002FBA7E /* RecipesListViewController.swift in Sources */ = {isa = PBXBuildFile; fileRef = EBBCEFEF2816EDA0002FBA7E /* RecipesListViewController.swift */; };
		EBBCEFF22816EDB8002FBA7E /* OneRecipeViewController.swift in Sources */ = {isa = PBXBuildFile; fileRef = EBBCEFF12816EDB8002FBA7E /* OneRecipeViewController.swift */; };
		EBD9BEF3281A980C0079FDE6 /* MockCoreDataStack.swift in Sources */ = {isa = PBXBuildFile; fileRef = EBD9BEF2281A980C0079FDE6 /* MockCoreDataStack.swift */; };
		EBD9BEF5281A98530079FDE6 /* CoreDataManagerTests.swift in Sources */ = {isa = PBXBuildFile; fileRef = EBD9BEF4281A98530079FDE6 /* CoreDataManagerTests.swift */; };
		EBD9BEF7281ABC980079FDE6 /* FakeDataCoreData.swift in Sources */ = {isa = PBXBuildFile; fileRef = EBD9BEF6281ABC980079FDE6 /* FakeDataCoreData.swift */; };
		EBD9BF07281ADFEE0079FDE6 /* RecipeSessionProtocol.swift in Sources */ = {isa = PBXBuildFile; fileRef = EBD9BF06281ADFEE0079FDE6 /* RecipeSessionProtocol.swift */; };
		EBD9BF09281AE07F0079FDE6 /* RecipeSession.swift in Sources */ = {isa = PBXBuildFile; fileRef = EBD9BF08281AE07F0079FDE6 /* RecipeSession.swift */; };
		EBD9BF0B281AE4FB0079FDE6 /* FakeRecipeSession.swift in Sources */ = {isa = PBXBuildFile; fileRef = EBD9BF0A281AE4FB0079FDE6 /* FakeRecipeSession.swift */; };
		EBD9BF0D281AE82F0079FDE6 /* FakeReponseData.swift in Sources */ = {isa = PBXBuildFile; fileRef = EBD9BF0C281AE82F0079FDE6 /* FakeReponseData.swift */; };
		EBD9BF0F281AE8EF0079FDE6 /* edamanApiResult.json in Resources */ = {isa = PBXBuildFile; fileRef = EBD9BF0E281AE8EF0079FDE6 /* edamanApiResult.json */; };
		EBD9BF11281AF67E0079FDE6 /* RecipeServiceTest.swift in Sources */ = {isa = PBXBuildFile; fileRef = EBD9BF10281AF67E0079FDE6 /* RecipeServiceTest.swift */; };
		EBE26011281987C400145954 /* RecipleaseDataModel.xcdatamodeld in Sources */ = {isa = PBXBuildFile; fileRef = EBE2600F281987C400145954 /* RecipleaseDataModel.xcdatamodeld */; };
		EBEB4AED2816E54B00F782C4 /* SearchViewController.swift in Sources */ = {isa = PBXBuildFile; fileRef = EBEB4AEC2816E54B00F782C4 /* SearchViewController.swift */; };
		EBEB4AF02816EA0500F782C4 /* StringProtocol.swift in Sources */ = {isa = PBXBuildFile; fileRef = EBEB4AEF2816EA0500F782C4 /* StringProtocol.swift */; };
		EBEB4AF22816EA1600F782C4 /* UIViewController+Utilities.swift in Sources */ = {isa = PBXBuildFile; fileRef = EBEB4AF12816EA1600F782C4 /* UIViewController+Utilities.swift */; };
		EFA7CE1BB5F93AA846B7C2A3 /* Pods_Reciplease.framework in Frameworks */ = {isa = PBXBuildFile; fileRef = 4E9249F8D05B3229F551AD76 /* Pods_Reciplease.framework */; };
/* End PBXBuildFile section */

/* Begin PBXContainerItemProxy section */
		EB57A4C02816E363007F9BE8 /* PBXContainerItemProxy */ = {
			isa = PBXContainerItemProxy;
			containerPortal = EB57A49E2816E362007F9BE8 /* Project object */;
			proxyType = 1;
			remoteGlobalIDString = EB57A4A52816E362007F9BE8;
			remoteInfo = Reciplease;
		};
/* End PBXContainerItemProxy section */

/* Begin PBXFileReference section */
		035EE6D90315341FD813A080 /* Pods-Reciplease-RecipleaseUITests.release.xcconfig */ = {isa = PBXFileReference; includeInIndex = 1; lastKnownFileType = text.xcconfig; name = "Pods-Reciplease-RecipleaseUITests.release.xcconfig"; path = "Target Support Files/Pods-Reciplease-RecipleaseUITests/Pods-Reciplease-RecipleaseUITests.release.xcconfig"; sourceTree = "<group>"; };
		1CC54A82FB3930EF009A7D71 /* Pods-Reciplease.release.xcconfig */ = {isa = PBXFileReference; includeInIndex = 1; lastKnownFileType = text.xcconfig; name = "Pods-Reciplease.release.xcconfig"; path = "Target Support Files/Pods-Reciplease/Pods-Reciplease.release.xcconfig"; sourceTree = "<group>"; };
		2753EDA2E5E1895A7824B8BF /* Pods_Reciplease_RecipleaseTests.framework */ = {isa = PBXFileReference; explicitFileType = wrapper.framework; includeInIndex = 0; path = Pods_Reciplease_RecipleaseTests.framework; sourceTree = BUILT_PRODUCTS_DIR; };
		2A2B3FB36D1B61B066182DF0 /* Pods-Reciplease-RecipleaseUITests.debug.xcconfig */ = {isa = PBXFileReference; includeInIndex = 1; lastKnownFileType = text.xcconfig; name = "Pods-Reciplease-RecipleaseUITests.debug.xcconfig"; path = "Target Support Files/Pods-Reciplease-RecipleaseUITests/Pods-Reciplease-RecipleaseUITests.debug.xcconfig"; sourceTree = "<group>"; };
		4E9249F8D05B3229F551AD76 /* Pods_Reciplease.framework */ = {isa = PBXFileReference; explicitFileType = wrapper.framework; includeInIndex = 0; path = Pods_Reciplease.framework; sourceTree = BUILT_PRODUCTS_DIR; };
		597DEA0EF9EA60E05BF37B77 /* Pods_Reciplease_RecipleaseUITests.framework */ = {isa = PBXFileReference; explicitFileType = wrapper.framework; includeInIndex = 0; path = Pods_Reciplease_RecipleaseUITests.framework; sourceTree = BUILT_PRODUCTS_DIR; };
		5C373A5308039DF9CDE56658 /* Pods-Reciplease.debug.xcconfig */ = {isa = PBXFileReference; includeInIndex = 1; lastKnownFileType = text.xcconfig; name = "Pods-Reciplease.debug.xcconfig"; path = "Target Support Files/Pods-Reciplease/Pods-Reciplease.debug.xcconfig"; sourceTree = "<group>"; };
		7EAD1DDF164A4D0A3EC030E2 /* Pods-Reciplease-RecipleaseTests.release.xcconfig */ = {isa = PBXFileReference; includeInIndex = 1; lastKnownFileType = text.xcconfig; name = "Pods-Reciplease-RecipleaseTests.release.xcconfig"; path = "Target Support Files/Pods-Reciplease-RecipleaseTests/Pods-Reciplease-RecipleaseTests.release.xcconfig"; sourceTree = "<group>"; };
		ABB697233A98CB1DA7995091 /* Pods-Reciplease-RecipleaseTests.debug.xcconfig */ = {isa = PBXFileReference; includeInIndex = 1; lastKnownFileType = text.xcconfig; name = "Pods-Reciplease-RecipleaseTests.debug.xcconfig"; path = "Target Support Files/Pods-Reciplease-RecipleaseTests/Pods-Reciplease-RecipleaseTests.debug.xcconfig"; sourceTree = "<group>"; };
		EB1A127D28183BDD00044370 /* FavouritesListViewController.swift */ = {isa = PBXFileReference; lastKnownFileType = sourcecode.swift; path = FavouritesListViewController.swift; sourceTree = "<group>"; };
		EB57A4A62816E362007F9BE8 /* Reciplease.app */ = {isa = PBXFileReference; explicitFileType = wrapper.application; includeInIndex = 0; path = Reciplease.app; sourceTree = BUILT_PRODUCTS_DIR; };
		EB57A4A92816E362007F9BE8 /* AppDelegate.swift */ = {isa = PBXFileReference; lastKnownFileType = sourcecode.swift; path = AppDelegate.swift; sourceTree = "<group>"; };
		EB57A4AB2816E362007F9BE8 /* SceneDelegate.swift */ = {isa = PBXFileReference; lastKnownFileType = sourcecode.swift; path = SceneDelegate.swift; sourceTree = "<group>"; };
		EB57A4B02816E362007F9BE8 /* Base */ = {isa = PBXFileReference; lastKnownFileType = file.storyboard; name = Base; path = Base.lproj/Main.storyboard; sourceTree = "<group>"; };
		EB57A4B52816E363007F9BE8 /* Assets.xcassets */ = {isa = PBXFileReference; lastKnownFileType = folder.assetcatalog; path = Assets.xcassets; sourceTree = "<group>"; };
		EB57A4B82816E363007F9BE8 /* Base */ = {isa = PBXFileReference; lastKnownFileType = file.storyboard; name = Base; path = Base.lproj/LaunchScreen.storyboard; sourceTree = "<group>"; };
		EB57A4BA2816E363007F9BE8 /* Info.plist */ = {isa = PBXFileReference; lastKnownFileType = text.plist.xml; path = Info.plist; sourceTree = "<group>"; };
		EB57A4BF2816E363007F9BE8 /* RecipleaseTests.xctest */ = {isa = PBXFileReference; explicitFileType = wrapper.cfbundle; includeInIndex = 0; path = RecipleaseTests.xctest; sourceTree = BUILT_PRODUCTS_DIR; };
		EB668A9A281823D70084FB96 /* CoreDataStack.swift */ = {isa = PBXFileReference; lastKnownFileType = sourcecode.swift; path = CoreDataStack.swift; sourceTree = "<group>"; };
		EB668A9C281824D40084FB96 /* CoreDataRepo.swift */ = {isa = PBXFileReference; lastKnownFileType = sourcecode.swift; path = CoreDataRepo.swift; sourceTree = "<group>"; };
		EB72DEAE2819A9EC0055D385 /* LightRecipeStruct.swift */ = {isa = PBXFileReference; lastKnownFileType = sourcecode.swift; path = LightRecipeStruct.swift; sourceTree = "<group>"; };
		EB72DEB02819A9FD0055D385 /* LightIngedientStruct.swift */ = {isa = PBXFileReference; lastKnownFileType = sourcecode.swift; path = LightIngedientStruct.swift; sourceTree = "<group>"; };
		EBB655CA28200005009460EB /* mockup.jpg */ = {isa = PBXFileReference; lastKnownFileType = image.jpeg; path = mockup.jpg; sourceTree = "<group>"; };
		EBB655CC28200039009460EB /* README.md */ = {isa = PBXFileReference; lastKnownFileType = net.daringfireball.markdown; path = README.md; sourceTree = "<group>"; };
		EBBCEFE12816ECCA002FBA7E /* OneRecipeTableViewCell.swift */ = {isa = PBXFileReference; lastKnownFileType = sourcecode.swift; path = OneRecipeTableViewCell.swift; sourceTree = "<group>"; };
		EBBCEFE32816ECE7002FBA7E /* RecipeStruct.swift */ = {isa = PBXFileReference; lastKnownFileType = sourcecode.swift; path = RecipeStruct.swift; sourceTree = "<group>"; };
		EBBCEFE52816ED02002FBA7E /* ApiEndpoint.swift */ = {isa = PBXFileReference; lastKnownFileType = sourcecode.swift; path = ApiEndpoint.swift; sourceTree = "<group>"; };
		EBBCEFE72816ED17002FBA7E /* AppInfo.swift */ = {isa = PBXFileReference; lastKnownFileType = sourcecode.swift; path = AppInfo.swift; sourceTree = "<group>"; };
		EBBCEFE92816ED27002FBA7E /* ServiceError.swift */ = {isa = PBXFileReference; lastKnownFileType = sourcecode.swift; path = ServiceError.swift; sourceTree = "<group>"; };
		EBBCEFEB2816ED36002FBA7E /* RecipeService.swift */ = {isa = PBXFileReference; lastKnownFileType = sourcecode.swift; path = RecipeService.swift; sourceTree = "<group>"; };
		EBBCEFED2816ED5A002FBA7E /* .gitignore */ = {isa = PBXFileReference; lastKnownFileType = text; path = .gitignore; sourceTree = "<group>"; };
		EBBCEFEF2816EDA0002FBA7E /* RecipesListViewController.swift */ = {isa = PBXFileReference; lastKnownFileType = sourcecode.swift; path = RecipesListViewController.swift; sourceTree = "<group>"; };
		EBBCEFF12816EDB8002FBA7E /* OneRecipeViewController.swift */ = {isa = PBXFileReference; lastKnownFileType = sourcecode.swift; path = OneRecipeViewController.swift; sourceTree = "<group>"; };
		EBD9BEF2281A980C0079FDE6 /* MockCoreDataStack.swift */ = {isa = PBXFileReference; lastKnownFileType = sourcecode.swift; path = MockCoreDataStack.swift; sourceTree = "<group>"; };
		EBD9BEF4281A98530079FDE6 /* CoreDataManagerTests.swift */ = {isa = PBXFileReference; lastKnownFileType = sourcecode.swift; path = CoreDataManagerTests.swift; sourceTree = "<group>"; };
		EBD9BEF6281ABC980079FDE6 /* FakeDataCoreData.swift */ = {isa = PBXFileReference; lastKnownFileType = sourcecode.swift; path = FakeDataCoreData.swift; sourceTree = "<group>"; };
		EBD9BF06281ADFEE0079FDE6 /* RecipeSessionProtocol.swift */ = {isa = PBXFileReference; lastKnownFileType = sourcecode.swift; path = RecipeSessionProtocol.swift; sourceTree = "<group>"; };
		EBD9BF08281AE07F0079FDE6 /* RecipeSession.swift */ = {isa = PBXFileReference; lastKnownFileType = sourcecode.swift; path = RecipeSession.swift; sourceTree = "<group>"; };
		EBD9BF0A281AE4FB0079FDE6 /* FakeRecipeSession.swift */ = {isa = PBXFileReference; lastKnownFileType = sourcecode.swift; path = FakeRecipeSession.swift; sourceTree = "<group>"; };
		EBD9BF0C281AE82F0079FDE6 /* FakeReponseData.swift */ = {isa = PBXFileReference; lastKnownFileType = sourcecode.swift; path = FakeReponseData.swift; sourceTree = "<group>"; };
		EBD9BF0E281AE8EF0079FDE6 /* edamanApiResult.json */ = {isa = PBXFileReference; lastKnownFileType = text.json; path = edamanApiResult.json; sourceTree = "<group>"; };
		EBD9BF10281AF67E0079FDE6 /* RecipeServiceTest.swift */ = {isa = PBXFileReference; lastKnownFileType = sourcecode.swift; path = RecipeServiceTest.swift; sourceTree = "<group>"; };
		EBE26010281987C400145954 /* RecipleaseDataModel.xcdatamodel */ = {isa = PBXFileReference; lastKnownFileType = wrapper.xcdatamodel; path = RecipleaseDataModel.xcdatamodel; sourceTree = "<group>"; };
		EBEB4AEC2816E54B00F782C4 /* SearchViewController.swift */ = {isa = PBXFileReference; lastKnownFileType = sourcecode.swift; path = SearchViewController.swift; sourceTree = "<group>"; };
		EBEB4AEF2816EA0500F782C4 /* StringProtocol.swift */ = {isa = PBXFileReference; lastKnownFileType = sourcecode.swift; path = StringProtocol.swift; sourceTree = "<group>"; };
		EBEB4AF12816EA1600F782C4 /* UIViewController+Utilities.swift */ = {isa = PBXFileReference; lastKnownFileType = sourcecode.swift; path = "UIViewController+Utilities.swift"; sourceTree = "<group>"; };
/* End PBXFileReference section */

/* Begin PBXFrameworksBuildPhase section */
		EB57A4A32816E362007F9BE8 /* Frameworks */ = {
			isa = PBXFrameworksBuildPhase;
			buildActionMask = 2147483647;
			files = (
				EFA7CE1BB5F93AA846B7C2A3 /* Pods_Reciplease.framework in Frameworks */,
			);
			runOnlyForDeploymentPostprocessing = 0;
		};
		EB57A4BC2816E363007F9BE8 /* Frameworks */ = {
			isa = PBXFrameworksBuildPhase;
			buildActionMask = 2147483647;
			files = (
				711ECC9AF9E71008787A9D99 /* Pods_Reciplease_RecipleaseTests.framework in Frameworks */,
			);
			runOnlyForDeploymentPostprocessing = 0;
		};
/* End PBXFrameworksBuildPhase section */

/* Begin PBXGroup section */
		3EBD57D051C85A8C84F14B3A /* Pods */ = {
			isa = PBXGroup;
			children = (
				5C373A5308039DF9CDE56658 /* Pods-Reciplease.debug.xcconfig */,
				1CC54A82FB3930EF009A7D71 /* Pods-Reciplease.release.xcconfig */,
				ABB697233A98CB1DA7995091 /* Pods-Reciplease-RecipleaseTests.debug.xcconfig */,
				7EAD1DDF164A4D0A3EC030E2 /* Pods-Reciplease-RecipleaseTests.release.xcconfig */,
				2A2B3FB36D1B61B066182DF0 /* Pods-Reciplease-RecipleaseUITests.debug.xcconfig */,
				035EE6D90315341FD813A080 /* Pods-Reciplease-RecipleaseUITests.release.xcconfig */,
			);
			path = Pods;
			sourceTree = "<group>";
		};
		EB1A128128184ED500044370 /* favourites */ = {
			isa = PBXGroup;
			children = (
				EB1A127D28183BDD00044370 /* FavouritesListViewController.swift */,
			);
			path = favourites;
			sourceTree = "<group>";
		};
		EB1A128228184EDF00044370 /* remotes */ = {
			isa = PBXGroup;
			children = (
				EBBCEFEF2816EDA0002FBA7E /* RecipesListViewController.swift */,
			);
			path = remotes;
			sourceTree = "<group>";
		};
		EB57A49D2816E362007F9BE8 = {
			isa = PBXGroup;
			children = (
				EBB655CC28200039009460EB /* README.md */,
				EBB655CA28200005009460EB /* mockup.jpg */,
				EBBCEFED2816ED5A002FBA7E /* .gitignore */,
				EB57A4A82816E362007F9BE8 /* Reciplease */,
				EB57A4C22816E363007F9BE8 /* RecipleaseTests */,
				EB57A4A72816E362007F9BE8 /* Products */,
				3EBD57D051C85A8C84F14B3A /* Pods */,
				F55C4FD2F8B17A8274B20B87 /* Frameworks */,
			);
			sourceTree = "<group>";
		};
		EB57A4A72816E362007F9BE8 /* Products */ = {
			isa = PBXGroup;
			children = (
				EB57A4A62816E362007F9BE8 /* Reciplease.app */,
				EB57A4BF2816E363007F9BE8 /* RecipleaseTests.xctest */,
			);
			name = Products;
			sourceTree = "<group>";
		};
		EB57A4A82816E362007F9BE8 /* Reciplease */ = {
			isa = PBXGroup;
			children = (
				EB57A4DF2816E3AB007F9BE8 /* SupportingFiles */,
				EBEB4AEE2816E9F700F782C4 /* Extensions */,
				EB57A4DE2816E3A5007F9BE8 /* Controller */,
				EB57A4DD2816E37B007F9BE8 /* View */,
				EB57A4DC2816E372007F9BE8 /* Model */,
			);
			path = Reciplease;
			sourceTree = "<group>";
		};
		EB57A4C22816E363007F9BE8 /* RecipleaseTests */ = {
			isa = PBXGroup;
			children = (
				EBD9BEF8281AD4140079FDE6 /* RecipeService */,
				EBD9BEF0281A97CC0079FDE6 /* CoreData */,
			);
			path = RecipleaseTests;
			sourceTree = "<group>";
		};
		EB57A4DC2816E372007F9BE8 /* Model */ = {
			isa = PBXGroup;
			children = (
				EBD9BF04281ADAD10079FDE6 /* EdamanService */,
				EBD9BF03281ADAC00079FDE6 /* DataRepresentation */,
				EB668A99281823B30084FB96 /* CoreData */,
			);
			path = Model;
			sourceTree = "<group>";
		};
		EB57A4DD2816E37B007F9BE8 /* View */ = {
			isa = PBXGroup;
			children = (
				EB57A4AF2816E362007F9BE8 /* Main.storyboard */,
				EB57A4B72816E363007F9BE8 /* LaunchScreen.storyboard */,
				EBBCEFE12816ECCA002FBA7E /* OneRecipeTableViewCell.swift */,
			);
			path = View;
			sourceTree = "<group>";
		};
		EB57A4DE2816E3A5007F9BE8 /* Controller */ = {
			isa = PBXGroup;
			children = (
				EB1A128228184EDF00044370 /* remotes */,
				EB1A128128184ED500044370 /* favourites */,
				EBEB4AEC2816E54B00F782C4 /* SearchViewController.swift */,
				EBBCEFF12816EDB8002FBA7E /* OneRecipeViewController.swift */,
			);
			path = Controller;
			sourceTree = "<group>";
		};
		EB57A4DF2816E3AB007F9BE8 /* SupportingFiles */ = {
			isa = PBXGroup;
			children = (
				EB57A4A92816E362007F9BE8 /* AppDelegate.swift */,
				EB57A4AB2816E362007F9BE8 /* SceneDelegate.swift */,
				EB57A4B52816E363007F9BE8 /* Assets.xcassets */,
				EB57A4BA2816E363007F9BE8 /* Info.plist */,
			);
			path = SupportingFiles;
			sourceTree = "<group>";
		};
		EB668A99281823B30084FB96 /* CoreData */ = {
			isa = PBXGroup;
			children = (
				EB668A9A281823D70084FB96 /* CoreDataStack.swift */,
				EB668A9C281824D40084FB96 /* CoreDataRepo.swift */,
				EBE2600F281987C400145954 /* RecipleaseDataModel.xcdatamodeld */,
			);
			path = CoreData;
			sourceTree = "<group>";
		};
		EBD9BEF0281A97CC0079FDE6 /* CoreData */ = {
			isa = PBXGroup;
			children = (
				EBD9BEF2281A980C0079FDE6 /* MockCoreDataStack.swift */,
				EBD9BEF4281A98530079FDE6 /* CoreDataManagerTests.swift */,
				EBD9BEF6281ABC980079FDE6 /* FakeDataCoreData.swift */,
			);
			path = CoreData;
			sourceTree = "<group>";
		};
		EBD9BEF8281AD4140079FDE6 /* RecipeService */ = {
			isa = PBXGroup;
			children = (
				EBD9BF0A281AE4FB0079FDE6 /* FakeRecipeSession.swift */,
				EBD9BF0C281AE82F0079FDE6 /* FakeReponseData.swift */,
				EBD9BF0E281AE8EF0079FDE6 /* edamanApiResult.json */,
				EBD9BF10281AF67E0079FDE6 /* RecipeServiceTest.swift */,
			);
			path = RecipeService;
			sourceTree = "<group>";
		};
		EBD9BF03281ADAC00079FDE6 /* DataRepresentation */ = {
			isa = PBXGroup;
			children = (
				EBBCEFE32816ECE7002FBA7E /* RecipeStruct.swift */,
				EB72DEAE2819A9EC0055D385 /* LightRecipeStruct.swift */,
				EB72DEB02819A9FD0055D385 /* LightIngedientStruct.swift */,
			);
			path = DataRepresentation;
			sourceTree = "<group>";
		};
		EBD9BF04281ADAD10079FDE6 /* EdamanService */ = {
			isa = PBXGroup;
			children = (
				EBD9BF05281ADF970079FDE6 /* ServiceHelpers */,
				EBBCEFEB2816ED36002FBA7E /* RecipeService.swift */,
				EBD9BF06281ADFEE0079FDE6 /* RecipeSessionProtocol.swift */,
				EBD9BF08281AE07F0079FDE6 /* RecipeSession.swift */,
			);
			path = EdamanService;
			sourceTree = "<group>";
		};
		EBD9BF05281ADF970079FDE6 /* ServiceHelpers */ = {
			isa = PBXGroup;
			children = (
				EBBCEFE52816ED02002FBA7E /* ApiEndpoint.swift */,
				EBBCEFE92816ED27002FBA7E /* ServiceError.swift */,
				EBBCEFE72816ED17002FBA7E /* AppInfo.swift */,
			);
			path = ServiceHelpers;
			sourceTree = "<group>";
		};
		EBEB4AEE2816E9F700F782C4 /* Extensions */ = {
			isa = PBXGroup;
			children = (
				EBEB4AEF2816EA0500F782C4 /* StringProtocol.swift */,
				EBEB4AF12816EA1600F782C4 /* UIViewController+Utilities.swift */,
			);
			path = Extensions;
			sourceTree = "<group>";
		};
		F55C4FD2F8B17A8274B20B87 /* Frameworks */ = {
			isa = PBXGroup;
			children = (
				4E9249F8D05B3229F551AD76 /* Pods_Reciplease.framework */,
				2753EDA2E5E1895A7824B8BF /* Pods_Reciplease_RecipleaseTests.framework */,
				597DEA0EF9EA60E05BF37B77 /* Pods_Reciplease_RecipleaseUITests.framework */,
			);
			name = Frameworks;
			sourceTree = "<group>";
		};
/* End PBXGroup section */

/* Begin PBXNativeTarget section */
		EB57A4A52816E362007F9BE8 /* Reciplease */ = {
			isa = PBXNativeTarget;
			buildConfigurationList = EB57A4D32816E363007F9BE8 /* Build configuration list for PBXNativeTarget "Reciplease" */;
			buildPhases = (
				28D3DC2ADB5763BC8FF40EEB /* [CP] Check Pods Manifest.lock */,
				EB57A4A22816E362007F9BE8 /* Sources */,
				EB57A4A32816E362007F9BE8 /* Frameworks */,
				EB57A4A42816E362007F9BE8 /* Resources */,
				4B340C43DC37A52B23343BF0 /* [CP] Embed Pods Frameworks */,
			);
			buildRules = (
			);
			dependencies = (
			);
			name = Reciplease;
			productName = Reciplease;
			productReference = EB57A4A62816E362007F9BE8 /* Reciplease.app */;
			productType = "com.apple.product-type.application";
		};
		EB57A4BE2816E363007F9BE8 /* RecipleaseTests */ = {
			isa = PBXNativeTarget;
			buildConfigurationList = EB57A4D62816E363007F9BE8 /* Build configuration list for PBXNativeTarget "RecipleaseTests" */;
			buildPhases = (
				13085C6EA0DB16BE1DBBDFDA /* [CP] Check Pods Manifest.lock */,
				EB57A4BB2816E363007F9BE8 /* Sources */,
				EB57A4BC2816E363007F9BE8 /* Frameworks */,
				EB57A4BD2816E363007F9BE8 /* Resources */,
				A66FD04F43838B29A77F872D /* [CP] Embed Pods Frameworks */,
			);
			buildRules = (
			);
			dependencies = (
				EB57A4C12816E363007F9BE8 /* PBXTargetDependency */,
			);
			name = RecipleaseTests;
			productName = RecipleaseTests;
			productReference = EB57A4BF2816E363007F9BE8 /* RecipleaseTests.xctest */;
			productType = "com.apple.product-type.bundle.unit-test";
		};
/* End PBXNativeTarget section */

/* Begin PBXProject section */
		EB57A49E2816E362007F9BE8 /* Project object */ = {
			isa = PBXProject;
			attributes = {
				BuildIndependentTargetsInParallel = 1;
				LastSwiftUpdateCheck = 1330;
				LastUpgradeCheck = 1330;
				TargetAttributes = {
					EB57A4A52816E362007F9BE8 = {
						CreatedOnToolsVersion = 13.3.1;
					};
					EB57A4BE2816E363007F9BE8 = {
						CreatedOnToolsVersion = 13.3.1;
						TestTargetID = EB57A4A52816E362007F9BE8;
					};
				};
			};
			buildConfigurationList = EB57A4A12816E362007F9BE8 /* Build configuration list for PBXProject "Reciplease" */;
			compatibilityVersion = "Xcode 13.0";
			developmentRegion = en;
			hasScannedForEncodings = 0;
			knownRegions = (
				en,
				Base,
			);
			mainGroup = EB57A49D2816E362007F9BE8;
			productRefGroup = EB57A4A72816E362007F9BE8 /* Products */;
			projectDirPath = "";
			projectRoot = "";
			targets = (
				EB57A4A52816E362007F9BE8 /* Reciplease */,
				EB57A4BE2816E363007F9BE8 /* RecipleaseTests */,
			);
		};
/* End PBXProject section */

/* Begin PBXResourcesBuildPhase section */
		EB57A4A42816E362007F9BE8 /* Resources */ = {
			isa = PBXResourcesBuildPhase;
			buildActionMask = 2147483647;
			files = (
				EBB655CD28200039009460EB /* README.md in Resources */,
				EBBCEFEE2816ED5A002FBA7E /* .gitignore in Resources */,
				EBB655CB28200005009460EB /* mockup.jpg in Resources */,
				EB57A4B92816E363007F9BE8 /* LaunchScreen.storyboard in Resources */,
				EB57A4B62816E363007F9BE8 /* Assets.xcassets in Resources */,
				EB57A4B12816E362007F9BE8 /* Main.storyboard in Resources */,
			);
			runOnlyForDeploymentPostprocessing = 0;
		};
		EB57A4BD2816E363007F9BE8 /* Resources */ = {
			isa = PBXResourcesBuildPhase;
			buildActionMask = 2147483647;
			files = (
				EBD9BF0F281AE8EF0079FDE6 /* edamanApiResult.json in Resources */,
			);
			runOnlyForDeploymentPostprocessing = 0;
		};
/* End PBXResourcesBuildPhase section */

/* Begin PBXShellScriptBuildPhase section */
		13085C6EA0DB16BE1DBBDFDA /* [CP] Check Pods Manifest.lock */ = {
			isa = PBXShellScriptBuildPhase;
			buildActionMask = 2147483647;
			files = (
			);
			inputFileListPaths = (
			);
			inputPaths = (
				"${PODS_PODFILE_DIR_PATH}/Podfile.lock",
				"${PODS_ROOT}/Manifest.lock",
			);
			name = "[CP] Check Pods Manifest.lock";
			outputFileListPaths = (
			);
			outputPaths = (
				"$(DERIVED_FILE_DIR)/Pods-Reciplease-RecipleaseTests-checkManifestLockResult.txt",
			);
			runOnlyForDeploymentPostprocessing = 0;
			shellPath = /bin/sh;
			shellScript = "diff \"${PODS_PODFILE_DIR_PATH}/Podfile.lock\" \"${PODS_ROOT}/Manifest.lock\" > /dev/null\nif [ $? != 0 ] ; then\n    # print error to STDERR\n    echo \"error: The sandbox is not in sync with the Podfile.lock. Run 'pod install' or update your CocoaPods installation.\" >&2\n    exit 1\nfi\n# This output is used by Xcode 'outputs' to avoid re-running this script phase.\necho \"SUCCESS\" > \"${SCRIPT_OUTPUT_FILE_0}\"\n";
			showEnvVarsInLog = 0;
		};
		28D3DC2ADB5763BC8FF40EEB /* [CP] Check Pods Manifest.lock */ = {
			isa = PBXShellScriptBuildPhase;
			buildActionMask = 2147483647;
			files = (
			);
			inputFileListPaths = (
			);
			inputPaths = (
				"${PODS_PODFILE_DIR_PATH}/Podfile.lock",
				"${PODS_ROOT}/Manifest.lock",
			);
			name = "[CP] Check Pods Manifest.lock";
			outputFileListPaths = (
			);
			outputPaths = (
				"$(DERIVED_FILE_DIR)/Pods-Reciplease-checkManifestLockResult.txt",
			);
			runOnlyForDeploymentPostprocessing = 0;
			shellPath = /bin/sh;
			shellScript = "diff \"${PODS_PODFILE_DIR_PATH}/Podfile.lock\" \"${PODS_ROOT}/Manifest.lock\" > /dev/null\nif [ $? != 0 ] ; then\n    # print error to STDERR\n    echo \"error: The sandbox is not in sync with the Podfile.lock. Run 'pod install' or update your CocoaPods installation.\" >&2\n    exit 1\nfi\n# This output is used by Xcode 'outputs' to avoid re-running this script phase.\necho \"SUCCESS\" > \"${SCRIPT_OUTPUT_FILE_0}\"\n";
			showEnvVarsInLog = 0;
		};
		4B340C43DC37A52B23343BF0 /* [CP] Embed Pods Frameworks */ = {
			isa = PBXShellScriptBuildPhase;
			buildActionMask = 2147483647;
			files = (
			);
			inputFileListPaths = (
				"${PODS_ROOT}/Target Support Files/Pods-Reciplease/Pods-Reciplease-frameworks-${CONFIGURATION}-input-files.xcfilelist",
			);
			name = "[CP] Embed Pods Frameworks";
			outputFileListPaths = (
				"${PODS_ROOT}/Target Support Files/Pods-Reciplease/Pods-Reciplease-frameworks-${CONFIGURATION}-output-files.xcfilelist",
			);
			runOnlyForDeploymentPostprocessing = 0;
			shellPath = /bin/sh;
			shellScript = "\"${PODS_ROOT}/Target Support Files/Pods-Reciplease/Pods-Reciplease-frameworks.sh\"\n";
			showEnvVarsInLog = 0;
		};
		A66FD04F43838B29A77F872D /* [CP] Embed Pods Frameworks */ = {
			isa = PBXShellScriptBuildPhase;
			buildActionMask = 2147483647;
			files = (
			);
			inputFileListPaths = (
				"${PODS_ROOT}/Target Support Files/Pods-Reciplease-RecipleaseTests/Pods-Reciplease-RecipleaseTests-frameworks-${CONFIGURATION}-input-files.xcfilelist",
			);
			name = "[CP] Embed Pods Frameworks";
			outputFileListPaths = (
				"${PODS_ROOT}/Target Support Files/Pods-Reciplease-RecipleaseTests/Pods-Reciplease-RecipleaseTests-frameworks-${CONFIGURATION}-output-files.xcfilelist",
			);
			runOnlyForDeploymentPostprocessing = 0;
			shellPath = /bin/sh;
			shellScript = "\"${PODS_ROOT}/Target Support Files/Pods-Reciplease-RecipleaseTests/Pods-Reciplease-RecipleaseTests-frameworks.sh\"\n";
			showEnvVarsInLog = 0;
		};
/* End PBXShellScriptBuildPhase section */

/* Begin PBXSourcesBuildPhase section */
		EB57A4A22816E362007F9BE8 /* Sources */ = {
			isa = PBXSourcesBuildPhase;
			buildActionMask = 2147483647;
			files = (
				EBD9BF09281AE07F0079FDE6 /* RecipeSession.swift in Sources */,
				EB668A9B281823D70084FB96 /* CoreDataStack.swift in Sources */,
				EB72DEAF2819A9EC0055D385 /* LightRecipeStruct.swift in Sources */,
				EBBCEFE82816ED17002FBA7E /* AppInfo.swift in Sources */,
				EBEB4AED2816E54B00F782C4 /* SearchViewController.swift in Sources */,
				EBBCEFEC2816ED36002FBA7E /* RecipeService.swift in Sources */,
				EBBCEFE42816ECE7002FBA7E /* RecipeStruct.swift in Sources */,
				EB668A9D281824D40084FB96 /* CoreDataRepo.swift in Sources */,
				EBEB4AF22816EA1600F782C4 /* UIViewController+Utilities.swift in Sources */,
				EB57A4AA2816E362007F9BE8 /* AppDelegate.swift in Sources */,
				EB57A4AC2816E362007F9BE8 /* SceneDelegate.swift in Sources */,
				EBBCEFEA2816ED27002FBA7E /* ServiceError.swift in Sources */,
				EB1A127E28183BDD00044370 /* FavouritesListViewController.swift in Sources */,
				EBD9BF07281ADFEE0079FDE6 /* RecipeSessionProtocol.swift in Sources */,
				EBBCEFF22816EDB8002FBA7E /* OneRecipeViewController.swift in Sources */,
				EBEB4AF02816EA0500F782C4 /* StringProtocol.swift in Sources */,
				EBBCEFF02816EDA0002FBA7E /* RecipesListViewController.swift in Sources */,
				EB72DEB12819A9FD0055D385 /* LightIngedientStruct.swift in Sources */,
				EBBCEFE22816ECCA002FBA7E /* OneRecipeTableViewCell.swift in Sources */,
				EBBCEFE62816ED02002FBA7E /* ApiEndpoint.swift in Sources */,
				EBE26011281987C400145954 /* RecipleaseDataModel.xcdatamodeld in Sources */,
			);
			runOnlyForDeploymentPostprocessing = 0;
		};
		EB57A4BB2816E363007F9BE8 /* Sources */ = {
			isa = PBXSourcesBuildPhase;
			buildActionMask = 2147483647;
			files = (
				EBD9BF0D281AE82F0079FDE6 /* FakeReponseData.swift in Sources */,
				EBD9BEF7281ABC980079FDE6 /* FakeDataCoreData.swift in Sources */,
				EBD9BF0B281AE4FB0079FDE6 /* FakeRecipeSession.swift in Sources */,
				EBD9BEF5281A98530079FDE6 /* CoreDataManagerTests.swift in Sources */,
				EBD9BEF3281A980C0079FDE6 /* MockCoreDataStack.swift in Sources */,
				EBD9BF11281AF67E0079FDE6 /* RecipeServiceTest.swift in Sources */,
			);
			runOnlyForDeploymentPostprocessing = 0;
		};
/* End PBXSourcesBuildPhase section */

/* Begin PBXTargetDependency section */
		EB57A4C12816E363007F9BE8 /* PBXTargetDependency */ = {
			isa = PBXTargetDependency;
			target = EB57A4A52816E362007F9BE8 /* Reciplease */;
			targetProxy = EB57A4C02816E363007F9BE8 /* PBXContainerItemProxy */;
		};
/* End PBXTargetDependency section */

/* Begin PBXVariantGroup section */
		EB57A4AF2816E362007F9BE8 /* Main.storyboard */ = {
			isa = PBXVariantGroup;
			children = (
				EB57A4B02816E362007F9BE8 /* Base */,
			);
			name = Main.storyboard;
			sourceTree = "<group>";
		};
		EB57A4B72816E363007F9BE8 /* LaunchScreen.storyboard */ = {
			isa = PBXVariantGroup;
			children = (
				EB57A4B82816E363007F9BE8 /* Base */,
			);
			name = LaunchScreen.storyboard;
			sourceTree = "<group>";
		};
/* End PBXVariantGroup section */

/* Begin XCBuildConfiguration section */
		EB57A4D12816E363007F9BE8 /* Debug */ = {
			isa = XCBuildConfiguration;
			buildSettings = {
				ALWAYS_SEARCH_USER_PATHS = NO;
				CLANG_ANALYZER_NONNULL = YES;
				CLANG_ANALYZER_NUMBER_OBJECT_CONVERSION = YES_AGGRESSIVE;
				CLANG_CXX_LANGUAGE_STANDARD = "gnu++17";
				CLANG_ENABLE_MODULES = YES;
				CLANG_ENABLE_OBJC_ARC = YES;
				CLANG_ENABLE_OBJC_WEAK = YES;
				CLANG_WARN_BLOCK_CAPTURE_AUTORELEASING = YES;
				CLANG_WARN_BOOL_CONVERSION = YES;
				CLANG_WARN_COMMA = YES;
				CLANG_WARN_CONSTANT_CONVERSION = YES;
				CLANG_WARN_DEPRECATED_OBJC_IMPLEMENTATIONS = YES;
				CLANG_WARN_DIRECT_OBJC_ISA_USAGE = YES_ERROR;
				CLANG_WARN_DOCUMENTATION_COMMENTS = YES;
				CLANG_WARN_EMPTY_BODY = YES;
				CLANG_WARN_ENUM_CONVERSION = YES;
				CLANG_WARN_INFINITE_RECURSION = YES;
				CLANG_WARN_INT_CONVERSION = YES;
				CLANG_WARN_NON_LITERAL_NULL_CONVERSION = YES;
				CLANG_WARN_OBJC_IMPLICIT_RETAIN_SELF = YES;
				CLANG_WARN_OBJC_LITERAL_CONVERSION = YES;
				CLANG_WARN_OBJC_ROOT_CLASS = YES_ERROR;
				CLANG_WARN_QUOTED_INCLUDE_IN_FRAMEWORK_HEADER = YES;
				CLANG_WARN_RANGE_LOOP_ANALYSIS = YES;
				CLANG_WARN_STRICT_PROTOTYPES = YES;
				CLANG_WARN_SUSPICIOUS_MOVE = YES;
				CLANG_WARN_UNGUARDED_AVAILABILITY = YES_AGGRESSIVE;
				CLANG_WARN_UNREACHABLE_CODE = YES;
				CLANG_WARN__DUPLICATE_METHOD_MATCH = YES;
				COPY_PHASE_STRIP = NO;
				DEBUG_INFORMATION_FORMAT = dwarf;
				ENABLE_STRICT_OBJC_MSGSEND = YES;
				ENABLE_TESTABILITY = YES;
				GCC_C_LANGUAGE_STANDARD = gnu11;
				GCC_DYNAMIC_NO_PIC = NO;
				GCC_NO_COMMON_BLOCKS = YES;
				GCC_OPTIMIZATION_LEVEL = 0;
				GCC_PREPROCESSOR_DEFINITIONS = (
					"DEBUG=1",
					"$(inherited)",
				);
				GCC_WARN_64_TO_32_BIT_CONVERSION = YES;
				GCC_WARN_ABOUT_RETURN_TYPE = YES_ERROR;
				GCC_WARN_UNDECLARED_SELECTOR = YES;
				GCC_WARN_UNINITIALIZED_AUTOS = YES_AGGRESSIVE;
				GCC_WARN_UNUSED_FUNCTION = YES;
				GCC_WARN_UNUSED_VARIABLE = YES;
				IPHONEOS_DEPLOYMENT_TARGET = 15.4;
				MTL_ENABLE_DEBUG_INFO = INCLUDE_SOURCE;
				MTL_FAST_MATH = YES;
				ONLY_ACTIVE_ARCH = YES;
				SDKROOT = iphoneos;
				SWIFT_ACTIVE_COMPILATION_CONDITIONS = DEBUG;
				SWIFT_OPTIMIZATION_LEVEL = "-Onone";
			};
			name = Debug;
		};
		EB57A4D22816E363007F9BE8 /* Release */ = {
			isa = XCBuildConfiguration;
			buildSettings = {
				ALWAYS_SEARCH_USER_PATHS = NO;
				CLANG_ANALYZER_NONNULL = YES;
				CLANG_ANALYZER_NUMBER_OBJECT_CONVERSION = YES_AGGRESSIVE;
				CLANG_CXX_LANGUAGE_STANDARD = "gnu++17";
				CLANG_ENABLE_MODULES = YES;
				CLANG_ENABLE_OBJC_ARC = YES;
				CLANG_ENABLE_OBJC_WEAK = YES;
				CLANG_WARN_BLOCK_CAPTURE_AUTORELEASING = YES;
				CLANG_WARN_BOOL_CONVERSION = YES;
				CLANG_WARN_COMMA = YES;
				CLANG_WARN_CONSTANT_CONVERSION = YES;
				CLANG_WARN_DEPRECATED_OBJC_IMPLEMENTATIONS = YES;
				CLANG_WARN_DIRECT_OBJC_ISA_USAGE = YES_ERROR;
				CLANG_WARN_DOCUMENTATION_COMMENTS = YES;
				CLANG_WARN_EMPTY_BODY = YES;
				CLANG_WARN_ENUM_CONVERSION = YES;
				CLANG_WARN_INFINITE_RECURSION = YES;
				CLANG_WARN_INT_CONVERSION = YES;
				CLANG_WARN_NON_LITERAL_NULL_CONVERSION = YES;
				CLANG_WARN_OBJC_IMPLICIT_RETAIN_SELF = YES;
				CLANG_WARN_OBJC_LITERAL_CONVERSION = YES;
				CLANG_WARN_OBJC_ROOT_CLASS = YES_ERROR;
				CLANG_WARN_QUOTED_INCLUDE_IN_FRAMEWORK_HEADER = YES;
				CLANG_WARN_RANGE_LOOP_ANALYSIS = YES;
				CLANG_WARN_STRICT_PROTOTYPES = YES;
				CLANG_WARN_SUSPICIOUS_MOVE = YES;
				CLANG_WARN_UNGUARDED_AVAILABILITY = YES_AGGRESSIVE;
				CLANG_WARN_UNREACHABLE_CODE = YES;
				CLANG_WARN__DUPLICATE_METHOD_MATCH = YES;
				COPY_PHASE_STRIP = NO;
				DEBUG_INFORMATION_FORMAT = "dwarf-with-dsym";
				ENABLE_NS_ASSERTIONS = NO;
				ENABLE_STRICT_OBJC_MSGSEND = YES;
				GCC_C_LANGUAGE_STANDARD = gnu11;
				GCC_NO_COMMON_BLOCKS = YES;
				GCC_WARN_64_TO_32_BIT_CONVERSION = YES;
				GCC_WARN_ABOUT_RETURN_TYPE = YES_ERROR;
				GCC_WARN_UNDECLARED_SELECTOR = YES;
				GCC_WARN_UNINITIALIZED_AUTOS = YES_AGGRESSIVE;
				GCC_WARN_UNUSED_FUNCTION = YES;
				GCC_WARN_UNUSED_VARIABLE = YES;
				IPHONEOS_DEPLOYMENT_TARGET = 15.4;
				MTL_ENABLE_DEBUG_INFO = NO;
				MTL_FAST_MATH = YES;
				SDKROOT = iphoneos;
				SWIFT_COMPILATION_MODE = wholemodule;
				SWIFT_OPTIMIZATION_LEVEL = "-O";
				VALIDATE_PRODUCT = YES;
			};
			name = Release;
		};
		EB57A4D42816E363007F9BE8 /* Debug */ = {
			isa = XCBuildConfiguration;
			baseConfigurationReference = 5C373A5308039DF9CDE56658 /* Pods-Reciplease.debug.xcconfig */;
			buildSettings = {
				ASSETCATALOG_COMPILER_APPICON_NAME = AppIcon;
				ASSETCATALOG_COMPILER_GLOBAL_ACCENT_COLOR_NAME = AccentColor;
				CODE_SIGN_STYLE = Automatic;
				CURRENT_PROJECT_VERSION = 1;
				DEVELOPMENT_TEAM = CES656DH72;
				GENERATE_INFOPLIST_FILE = YES;
				INFOPLIST_FILE = Reciplease/SupportingFiles/Info.plist;
				INFOPLIST_KEY_UIApplicationSupportsIndirectInputEvents = YES;
				INFOPLIST_KEY_UILaunchStoryboardName = LaunchScreen;
				INFOPLIST_KEY_UIMainStoryboardFile = Main;
				INFOPLIST_KEY_UISupportedInterfaceOrientations = UIInterfaceOrientationPortrait;
				INFOPLIST_KEY_UISupportedInterfaceOrientations_iPad = "UIInterfaceOrientationPortrait UIInterfaceOrientationPortraitUpsideDown UIInterfaceOrientationLandscapeLeft UIInterfaceOrientationLandscapeRight";
				INFOPLIST_KEY_UISupportedInterfaceOrientations_iPhone = "UIInterfaceOrientationPortrait UIInterfaceOrientationLandscapeLeft UIInterfaceOrientationLandscapeRight";
				LD_RUNPATH_SEARCH_PATHS = (
					"$(inherited)",
					"@executable_path/Frameworks",
				);
				MARKETING_VERSION = 1.0;
				PRODUCT_BUNDLE_IDENTIFIER = clementgarcia8.Reciplease;
				PRODUCT_NAME = "$(TARGET_NAME)";
				SWIFT_EMIT_LOC_STRINGS = YES;
				SWIFT_VERSION = 5.0;
				TARGETED_DEVICE_FAMILY = 1;
			};
			name = Debug;
		};
		EB57A4D52816E363007F9BE8 /* Release */ = {
			isa = XCBuildConfiguration;
			baseConfigurationReference = 1CC54A82FB3930EF009A7D71 /* Pods-Reciplease.release.xcconfig */;
			buildSettings = {
				ASSETCATALOG_COMPILER_APPICON_NAME = AppIcon;
				ASSETCATALOG_COMPILER_GLOBAL_ACCENT_COLOR_NAME = AccentColor;
				CODE_SIGN_STYLE = Automatic;
				CURRENT_PROJECT_VERSION = 1;
				DEVELOPMENT_TEAM = CES656DH72;
				GENERATE_INFOPLIST_FILE = YES;
				INFOPLIST_FILE = Reciplease/SupportingFiles/Info.plist;
				INFOPLIST_KEY_UIApplicationSupportsIndirectInputEvents = YES;
				INFOPLIST_KEY_UILaunchStoryboardName = LaunchScreen;
				INFOPLIST_KEY_UIMainStoryboardFile = Main;
				INFOPLIST_KEY_UISupportedInterfaceOrientations = UIInterfaceOrientationPortrait;
				INFOPLIST_KEY_UISupportedInterfaceOrientations_iPad = "UIInterfaceOrientationPortrait UIInterfaceOrientationPortraitUpsideDown UIInterfaceOrientationLandscapeLeft UIInterfaceOrientationLandscapeRight";
				INFOPLIST_KEY_UISupportedInterfaceOrientations_iPhone = "UIInterfaceOrientationPortrait UIInterfaceOrientationLandscapeLeft UIInterfaceOrientationLandscapeRight";
				LD_RUNPATH_SEARCH_PATHS = (
					"$(inherited)",
					"@executable_path/Frameworks",
				);
				MARKETING_VERSION = 1.0;
				PRODUCT_BUNDLE_IDENTIFIER = clementgarcia8.Reciplease;
				PRODUCT_NAME = "$(TARGET_NAME)";
				SWIFT_EMIT_LOC_STRINGS = YES;
				SWIFT_VERSION = 5.0;
				TARGETED_DEVICE_FAMILY = 1;
			};
			name = Release;
		};
		EB57A4D72816E363007F9BE8 /* Debug */ = {
			isa = XCBuildConfiguration;
			baseConfigurationReference = ABB697233A98CB1DA7995091 /* Pods-Reciplease-RecipleaseTests.debug.xcconfig */;
			buildSettings = {
				ALWAYS_EMBED_SWIFT_STANDARD_LIBRARIES = YES;
				BUNDLE_LOADER = "$(TEST_HOST)";
				CODE_SIGN_STYLE = Automatic;
				CURRENT_PROJECT_VERSION = 1;
				DEVELOPMENT_TEAM = CES656DH72;
				GENERATE_INFOPLIST_FILE = YES;
				IPHONEOS_DEPLOYMENT_TARGET = 15.4;
				MARKETING_VERSION = 1.0;
				PRODUCT_BUNDLE_IDENTIFIER = clementgarcia8.RecipleaseTests;
				PRODUCT_NAME = "$(TARGET_NAME)";
				SWIFT_EMIT_LOC_STRINGS = NO;
				SWIFT_VERSION = 5.0;
				TARGETED_DEVICE_FAMILY = "1,2";
				TEST_HOST = "$(BUILT_PRODUCTS_DIR)/Reciplease.app/Reciplease";
			};
			name = Debug;
		};
		EB57A4D82816E363007F9BE8 /* Release */ = {
			isa = XCBuildConfiguration;
			baseConfigurationReference = 7EAD1DDF164A4D0A3EC030E2 /* Pods-Reciplease-RecipleaseTests.release.xcconfig */;
			buildSettings = {
				ALWAYS_EMBED_SWIFT_STANDARD_LIBRARIES = YES;
				BUNDLE_LOADER = "$(TEST_HOST)";
				CODE_SIGN_STYLE = Automatic;
				CURRENT_PROJECT_VERSION = 1;
				DEVELOPMENT_TEAM = CES656DH72;
				GENERATE_INFOPLIST_FILE = YES;
				IPHONEOS_DEPLOYMENT_TARGET = 15.4;
				MARKETING_VERSION = 1.0;
				PRODUCT_BUNDLE_IDENTIFIER = clementgarcia8.RecipleaseTests;
				PRODUCT_NAME = "$(TARGET_NAME)";
				SWIFT_EMIT_LOC_STRINGS = NO;
				SWIFT_VERSION = 5.0;
				TARGETED_DEVICE_FAMILY = "1,2";
				TEST_HOST = "$(BUILT_PRODUCTS_DIR)/Reciplease.app/Reciplease";
			};
			name = Release;
		};
/* End XCBuildConfiguration section */

/* Begin XCConfigurationList section */
		EB57A4A12816E362007F9BE8 /* Build configuration list for PBXProject "Reciplease" */ = {
			isa = XCConfigurationList;
			buildConfigurations = (
				EB57A4D12816E363007F9BE8 /* Debug */,
				EB57A4D22816E363007F9BE8 /* Release */,
			);
			defaultConfigurationIsVisible = 0;
			defaultConfigurationName = Release;
		};
		EB57A4D32816E363007F9BE8 /* Build configuration list for PBXNativeTarget "Reciplease" */ = {
			isa = XCConfigurationList;
			buildConfigurations = (
				EB57A4D42816E363007F9BE8 /* Debug */,
				EB57A4D52816E363007F9BE8 /* Release */,
			);
			defaultConfigurationIsVisible = 0;
			defaultConfigurationName = Release;
		};
		EB57A4D62816E363007F9BE8 /* Build configuration list for PBXNativeTarget "RecipleaseTests" */ = {
			isa = XCConfigurationList;
			buildConfigurations = (
				EB57A4D72816E363007F9BE8 /* Debug */,
				EB57A4D82816E363007F9BE8 /* Release */,
			);
			defaultConfigurationIsVisible = 0;
			defaultConfigurationName = Release;
		};
/* End XCConfigurationList section */

/* Begin XCVersionGroup section */
		EBE2600F281987C400145954 /* RecipleaseDataModel.xcdatamodeld */ = {
			isa = XCVersionGroup;
			children = (
				EBE26010281987C400145954 /* RecipleaseDataModel.xcdatamodel */,
			);
			currentVersion = EBE26010281987C400145954 /* RecipleaseDataModel.xcdatamodel */;
			path = RecipleaseDataModel.xcdatamodeld;
			sourceTree = "<group>";
			versionGroupType = wrapper.xcdatamodel;
		};
/* End XCVersionGroup section */
	};
	rootObject = EB57A49E2816E362007F9BE8 /* Project object */;
}
